PODS:
  - file_picker (0.0.1):
    - Flutter
  - Flutter (1.0.0)
  - flutter_plugin_android_lifecycle (0.0.1):
    - Flutter
  - FMDB (2.7.5):
    - FMDB/standard (= 2.7.5)
  - FMDB/standard (2.7.5)
  - image_picker (0.0.1):
    - Flutter
  - keyboard_visibility (0.5.0):
    - Flutter
    - Reachability
  - path_provider (0.0.1):
    - Flutter
  - Reachability (3.2)
  - screen (0.0.1):
    - Flutter
  - sqflite (0.0.1):
    - Flutter
    - FMDB (~> 2.7.2)
  - url_launcher (0.0.1):
    - Flutter
  - url_launcher_macos (0.0.1):
    - Flutter
  - url_launcher_web (0.0.1):
    - Flutter
  - video_player (0.0.1):
    - Flutter
  - video_player_web (0.0.1):
    - Flutter

DEPENDENCIES:
  - file_picker (from `.symlinks/plugins/file_picker/ios`)
  - Flutter (from `Flutter`)
  - flutter_plugin_android_lifecycle (from `.symlinks/plugins/flutter_plugin_android_lifecycle/ios`)
  - image_picker (from `.symlinks/plugins/image_picker/ios`)
  - keyboard_visibility (from `.symlinks/plugins/keyboard_visibility/ios`)
  - path_provider (from `.symlinks/plugins/path_provider/ios`)
  - screen (from `.symlinks/plugins/screen/ios`)
  - sqflite (from `.symlinks/plugins/sqflite/ios`)
  - url_launcher (from `.symlinks/plugins/url_launcher/ios`)
  - url_launcher_macos (from `.symlinks/plugins/url_launcher_macos/ios`)
  - url_launcher_web (from `.symlinks/plugins/url_launcher_web/ios`)
  - video_player (from `.symlinks/plugins/video_player/ios`)
  - video_player_web (from `.symlinks/plugins/video_player_web/ios`)

SPEC REPOS:
  trunk:
    - FMDB
    - Reachability

EXTERNAL SOURCES:
  file_picker:
    :path: ".symlinks/plugins/file_picker/ios"
  Flutter:
    :path: Flutter
  flutter_plugin_android_lifecycle:
    :path: ".symlinks/plugins/flutter_plugin_android_lifecycle/ios"
  image_picker:
    :path: ".symlinks/plugins/image_picker/ios"
  keyboard_visibility:
    :path: ".symlinks/plugins/keyboard_visibility/ios"
  path_provider:
    :path: ".symlinks/plugins/path_provider/ios"
  screen:
    :path: ".symlinks/plugins/screen/ios"
  sqflite:
    :path: ".symlinks/plugins/sqflite/ios"
  url_launcher:
    :path: ".symlinks/plugins/url_launcher/ios"
  url_launcher_macos:
    :path: ".symlinks/plugins/url_launcher_macos/ios"
  url_launcher_web:
    :path: ".symlinks/plugins/url_launcher_web/ios"
  video_player:
    :path: ".symlinks/plugins/video_player/ios"
  video_player_web:
    :path: ".symlinks/plugins/video_player_web/ios"

SPEC CHECKSUMS:
  file_picker: 408623be2125b79a4539cf703be3d4b3abe5e245
  Flutter: 0e3d915762c693b495b44d77113d4970485de6ec
  flutter_plugin_android_lifecycle: 47de533a02850f070f5696a623995e93eddcdb9b
  FMDB: 2ce00b547f966261cd18927a3ddb07cb6f3db82a
  image_picker: e3eacd46b94694dde7cf2705955cece853aa1a8f
  keyboard_visibility: 96a24de806fe6823c3ad956c01ba2ec6d056616f
  path_provider: fb74bd0465e96b594bb3b5088ee4a4e7bb1f2a9d
  Reachability: 33e18b67625424e47b6cde6d202dce689ad7af96
  screen: abd91ca7bf3426e1cc3646d27e9b2358d6bf07b0
  sqflite: 4001a31ff81d210346b500c55b17f4d6c7589dd0
  url_launcher: a1c0cc845906122c4784c542523d8cacbded5626
  url_launcher_macos: fd7894421cd39320dce5f292fc99ea9270b2a313
  url_launcher_web: e5527357f037c87560776e36436bf2b0288b965c
  video_player: 69c5f029fac4ffe4fc8a85ea7f7b793709661549
  video_player_web: da8cadb8274ed4f8dbee8d7171b420dedd437ce7

PODFILE CHECKSUM: 1b66dae606f75376c5f2135a8290850eeb09ae83

COCOAPODS: 1.8.4
